lockfileVersion: '6.0'

settings:
  autoInstallPeers: true
  excludeLinksFromLockfile: false

devDependencies:
  '@prisma/client':
    specifier: latest
    version: 5.4.0(prisma@5.4.0)
  prettier:
    specifier: ^3.0.3
    version: 3.0.3
  prisma:
    specifier: latest
    version: 5.4.0
  typescript:
    specifier: 4.9.4
    version: 4.9.4

packages:

  /@prisma/client@5.4.0(prisma@5.4.0):
    resolution: {integrity: sha512-JEo7J24OgEyNJg6hWRecIj6NJcB0chBCXFhWoO5exDVReMxiaY801lLLd6KStVFJHCWVEWoMLPUqhOvQA5MUuw==}
    engines: {node: '>=16.13'}
    requiresBuild: true
    peerDependencies:
      prisma: '*'
    peerDependenciesMeta:
      prisma:
        optional: true
    dependencies:
      '@prisma/engines-version': 5.4.0-47.a5596b96668f0f4b397761ce0956db54e17e48c4
      prisma: 5.4.0
    dev: true

  /@prisma/engines-version@5.4.0-47.a5596b96668f0f4b397761ce0956db54e17e48c4:
    resolution: {integrity: sha512-liWWFhIL5hMhVt4f9HWqMSnBgVicVFGKsEzO5gBfLr9aG1JgjjMDYNmqqLji0Hp0VpD8ffTQTOVZDJRUVBD4dw==}
    dev: true

  /@prisma/engines@5.4.0:
    resolution: {integrity: sha512-tnPa5Z1D70iPahvy9xG0bH5GD6Pb25Q+rH76+N1JKwQFe6vA3LyKyVzQrG4CQCI6N5PCJHJxlahJeCgcTJfLsg==}
    requiresBuild: true
    dev: true

  /prettier@3.0.3:
    resolution: {integrity: sha512-L/4pUDMxcNa8R/EthV08Zt42WBO4h1rarVtK0K+QJG0X187OLo7l699jWw0GKuwzkPQ//jMFA/8Xm6Fh3J/DAg==}
    engines: {node: '>=14'}
    hasBin: true
    dev: true

  /prisma@5.4.0:
    resolution: {integrity: sha512-69rlao0RJ4JcLnJ6VwUS89qhRAdMawby7u10OOkpxZC9RZkDdLIpMj+7zafH2NqEk9roplbmfiAR5FseR7H8fg==}
    engines: {node: '>=16.13'}
    hasBin: true
    requiresBuild: true
    dependencies:
      '@prisma/engines': 5.4.0
    dev: true

  /typescript@4.9.4:
    resolution: {integrity: sha512-Uz+dTXYzxXXbsFpM86Wh3dKCxrQqUcVMxwU54orwlJjOpO3ao8L7j5lH+dWfTwgCwIuM9GQ2kvVotzYJMXTBZg==}
    engines: {node: '>=4.2.0'}
    hasBin: true
    dev: true
